
Microsoft Visual Studio Solution File, Format Version 12.00
# Visual Studio Version 16
VisualStudioVersion = 16.0.33328.57
MinimumVisualStudioVersion = 10.0.40219.1
Project("{FAE04EC0-301F-11D3-BF4B-00C04F79EFBC}") = "eportafolio2", "eportafolio2\eportafolio2.csproj", "{C9D08351-7F4B-41E4-B92C-22D04E2F830F}"
EndProject
Global
	GlobalSection(SolutionConfigurationPlatforms) = preSolution
		Debug|Any CPU = Debug|Any CPU
		Release|Any CPU = Release|Any CPU
	EndGlobalSection
	GlobalSection(ProjectConfigurationPlatforms) = postSolution
		{C9D08351-7F4B-41E4-B92C-22D04E2F830F}.Debug|Any CPU.ActiveCfg = Debug|Any CPU
		{C9D08351-7F4B-41E4-B92C-22D04E2F830F}.Debug|Any CPU.Build.0 = Debug|Any CPU
		{C9D08351-7F4B-41E4-B92C-22D04E2F830F}.Release|Any CPU.ActiveCfg = Release|Any CPU
		{C9D08351-7F4B-41E4-B92C-22D04E2F830F}.Release|Any CPU.Build.0 = Release|Any CPU
	EndGlobalSection
	GlobalSection(SolutionProperties) = preSolution
		HideSolutionNode = FALSE
	EndGlobalSection
	GlobalSection(ExtensibilityGlobals) = postSolution
		SolutionGuid = {DBDA7D90-3A33-400D-AE3C-C3E4D110695F}
	EndGlobalSection
EndGlobal
